Microsoft Visual Studio Solution File, Format Version 11.00
# Visual Studio 2008

Project("{957B05EB-2D9B-FAF5-9947-E44A46C3C7B3}") = "Wang", "Assembly-CSharp.csproj", "{8F064FBB-0DD2-2976-AC20-790CE946B889}"
EndProject
Project("{957B05EB-2D9B-FAF5-9947-E44A46C3C7B3}") = "Wang", "Assembly-CSharp-Editor.csproj", "{0891A78F-F6BE-769E-6687-7B53F15F5A5B}"
EndProject
Global
	GlobalSection(SolutionConfigurationPlatforms) = preSolution
		Debug|Any CPU = Debug|Any CPU
		Release|Any CPU = Release|Any CPU
	EndGlobalSection
	GlobalSection(ProjectConfigurationPlatforms) = postSolution
		{8F064FBB-0DD2-2976-AC20-790CE946B889}.Debug|Any CPU.ActiveCfg = Debug|Any CPU
		{8F064FBB-0DD2-2976-AC20-790CE946B889}.Debug|Any CPU.Build.0 = Debug|Any CPU
		{8F064FBB-0DD2-2976-AC20-790CE946B889}.Release|Any CPU.ActiveCfg = Release|Any CPU
		{8F064FBB-0DD2-2976-AC20-790CE946B889}.Release|Any CPU.Build.0 = Release|Any CPU
		{0891A78F-F6BE-769E-6687-7B53F15F5A5B}.Debug|Any CPU.ActiveCfg = Debug|Any CPU
		{0891A78F-F6BE-769E-6687-7B53F15F5A5B}.Debug|Any CPU.Build.0 = Debug|Any CPU
		{0891A78F-F6BE-769E-6687-7B53F15F5A5B}.Release|Any CPU.ActiveCfg = Release|Any CPU
		{0891A78F-F6BE-769E-6687-7B53F15F5A5B}.Release|Any CPU.Build.0 = Release|Any CPU
	EndGlobalSection
	GlobalSection(SolutionProperties) = preSolution
		HideSolutionNode = FALSE
	EndGlobalSection
	GlobalSection(MonoDevelopProperties) = preSolution
		StartupItem = Assembly-CSharp.csproj
	EndGlobalSection
EndGlobal
