
Microsoft Visual Studio Solution File, Format Version 12.00
# Visual Studio 2015
Project("{FAE04EC0-301F-11D3-BF4B-00C04F79EFBC}") = "Wang.CSharp", "Wang.CSharp.csproj", "{F69C5A3E-FA3D-A3AB-BEB3-1F4903478828}"
EndProject
Global
	GlobalSection(SolutionConfigurationPlatforms) = preSolution
		Debug|Any CPU = Debug|Any CPU
		Release|Any CPU = Release|Any CPU
	EndGlobalSection
	GlobalSection(ProjectConfigurationPlatforms) = postSolution
		{F69C5A3E-FA3D-A3AB-BEB3-1F4903478828}.Debug|Any CPU.ActiveCfg = Debug|Any CPU
		{F69C5A3E-FA3D-A3AB-BEB3-1F4903478828}.Debug|Any CPU.Build.0 = Debug|Any CPU
		{F69C5A3E-FA3D-A3AB-BEB3-1F4903478828}.Release|Any CPU.ActiveCfg = Release|Any CPU
		{F69C5A3E-FA3D-A3AB-BEB3-1F4903478828}.Release|Any CPU.Build.0 = Release|Any CPU
	EndGlobalSection
	GlobalSection(SolutionProperties) = preSolution
		HideSolutionNode = FALSE
	EndGlobalSection
EndGlobal
